
Microsoft Visual Studio Solution File, Format Version 12.00
# Visual Studio Version 16
VisualStudioVersion = 16.0.31313.79
MinimumVisualStudioVersion = 10.0.40219.1
Project("{FAE04EC0-301F-11D3-BF4B-00C04F79EFBC}") = "MvcMovie", "MvcMovie\MvcMovie.csproj", "{AA041408-8C4F-492E-B781-7E1A99D518BB}"
EndProject
Global
	GlobalSection(SolutionConfigurationPlatforms) = preSolution
		Debug|Any CPU = Debug|Any CPU
		Release|Any CPU = Release|Any CPU
	EndGlobalSection
	GlobalSection(ProjectConfigurationPlatforms) = postSolution
		{AA041408-8C4F-492E-B781-7E1A99D518BB}.Debug|Any CPU.ActiveCfg = Debug|Any CPU
		{AA041408-8C4F-492E-B781-7E1A99D518BB}.Debug|Any CPU.Build.0 = Debug|Any CPU
		{AA041408-8C4F-492E-B781-7E1A99D518BB}.Release|Any CPU.ActiveCfg = Release|Any CPU
		{AA041408-8C4F-492E-B781-7E1A99D518BB}.Release|Any CPU.Build.0 = Release|Any CPU
	EndGlobalSection
	GlobalSection(SolutionProperties) = preSolution
		HideSolutionNode = FALSE
	EndGlobalSection
	GlobalSection(ExtensibilityGlobals) = postSolution
		SolutionGuid = {6485235F-6800-4934-A5C0-5C40102E7DE5}
	EndGlobalSection
EndGlobal
